
Microsoft Visual Studio Solution File, Format Version 12.00
# Visual Studio Version 17
VisualStudioVersion = 17.4.33122.133
MinimumVisualStudioVersion = 10.0.40219.1
Project("{9A19103F-16F7-4668-BE54-9A1E7A4F7556}") = "Stud_io_Dormitory", "Stud_io_Konvikti\Stud_io_Dormitory.csproj", "{FBDC9EDC-367A-419C-AE94-4FE16981D6F7}"
EndProject
Project("{9A19103F-16F7-4668-BE54-9A1E7A4F7556}") = "Stud_io.Maintenance", "Stud_io.Maintenance\Stud_io.Maintenance.csproj", "{02618566-3656-4455-B0C0-CF169BA3B315}"
EndProject
Project("{9A19103F-16F7-4668-BE54-9A1E7A4F7556}") = "Stud_io_Notifications", "Stud_io_Notifications\Stud_io_Notifications.csproj", "{523C22F5-F336-457C-B415-CF191D59572E}"
EndProject
Project("{9A19103F-16F7-4668-BE54-9A1E7A4F7556}") = "Stud_io.Payment", "Stud_io_Payment\Stud_io.Payment.csproj", "{396C8DBD-96BF-4A58-9801-C79712BE8FC8}"
EndProject
Project("{9A19103F-16F7-4668-BE54-9A1E7A4F7556}") = "Stud_io.Authentication", "Stud_io.Authentication\Stud_io.Authentication.csproj", "{DD3DB3C4-8CBB-4E8B-BC29-6F175FBBAF22}"
EndProject
Project("{9A19103F-16F7-4668-BE54-9A1E7A4F7556}") = "Stud_io.StudyGroups", "Stud_io.StudyGroups\Stud_io.StudyGroups.csproj", "{3948716E-7CED-436C-8748-BEC9F8A4ED37}"
EndProject
Global
	GlobalSection(SolutionConfigurationPlatforms) = preSolution
		Debug|Any CPU = Debug|Any CPU
		Release|Any CPU = Release|Any CPU
	EndGlobalSection
	GlobalSection(ProjectConfigurationPlatforms) = postSolution
		{FBDC9EDC-367A-419C-AE94-4FE16981D6F7}.Debug|Any CPU.ActiveCfg = Debug|Any CPU
		{FBDC9EDC-367A-419C-AE94-4FE16981D6F7}.Debug|Any CPU.Build.0 = Debug|Any CPU
		{FBDC9EDC-367A-419C-AE94-4FE16981D6F7}.Release|Any CPU.ActiveCfg = Release|Any CPU
		{FBDC9EDC-367A-419C-AE94-4FE16981D6F7}.Release|Any CPU.Build.0 = Release|Any CPU
		{02618566-3656-4455-B0C0-CF169BA3B315}.Debug|Any CPU.ActiveCfg = Debug|Any CPU
		{02618566-3656-4455-B0C0-CF169BA3B315}.Debug|Any CPU.Build.0 = Debug|Any CPU
		{02618566-3656-4455-B0C0-CF169BA3B315}.Release|Any CPU.ActiveCfg = Release|Any CPU
		{02618566-3656-4455-B0C0-CF169BA3B315}.Release|Any CPU.Build.0 = Release|Any CPU
		{523C22F5-F336-457C-B415-CF191D59572E}.Debug|Any CPU.ActiveCfg = Debug|Any CPU
		{523C22F5-F336-457C-B415-CF191D59572E}.Debug|Any CPU.Build.0 = Debug|Any CPU
		{523C22F5-F336-457C-B415-CF191D59572E}.Release|Any CPU.ActiveCfg = Release|Any CPU
		{523C22F5-F336-457C-B415-CF191D59572E}.Release|Any CPU.Build.0 = Release|Any CPU
		{396C8DBD-96BF-4A58-9801-C79712BE8FC8}.Debug|Any CPU.ActiveCfg = Debug|Any CPU
		{396C8DBD-96BF-4A58-9801-C79712BE8FC8}.Debug|Any CPU.Build.0 = Debug|Any CPU
		{396C8DBD-96BF-4A58-9801-C79712BE8FC8}.Release|Any CPU.ActiveCfg = Release|Any CPU
		{396C8DBD-96BF-4A58-9801-C79712BE8FC8}.Release|Any CPU.Build.0 = Release|Any CPU
		{DD3DB3C4-8CBB-4E8B-BC29-6F175FBBAF22}.Debug|Any CPU.ActiveCfg = Debug|Any CPU
		{DD3DB3C4-8CBB-4E8B-BC29-6F175FBBAF22}.Debug|Any CPU.Build.0 = Debug|Any CPU
		{DD3DB3C4-8CBB-4E8B-BC29-6F175FBBAF22}.Release|Any CPU.ActiveCfg = Release|Any CPU
		{DD3DB3C4-8CBB-4E8B-BC29-6F175FBBAF22}.Release|Any CPU.Build.0 = Release|Any CPU
		{3948716E-7CED-436C-8748-BEC9F8A4ED37}.Debug|Any CPU.ActiveCfg = Debug|Any CPU
		{3948716E-7CED-436C-8748-BEC9F8A4ED37}.Debug|Any CPU.Build.0 = Debug|Any CPU
		{3948716E-7CED-436C-8748-BEC9F8A4ED37}.Release|Any CPU.ActiveCfg = Release|Any CPU
		{3948716E-7CED-436C-8748-BEC9F8A4ED37}.Release|Any CPU.Build.0 = Release|Any CPU
	EndGlobalSection
	GlobalSection(SolutionProperties) = preSolution
		HideSolutionNode = FALSE
	EndGlobalSection
	GlobalSection(ExtensibilityGlobals) = postSolution
		SolutionGuid = {45EC4AE5-378B-44B0-B2A2-236717347FC9}
	EndGlobalSection
EndGlobal
